
Microsoft Visual Studio Solution File, Format Version 12.00
# Visual Studio Version 16
VisualStudioVersion = 16.0.31410.357
MinimumVisualStudioVersion = 10.0.40219.1
Project("{FAE04EC0-301F-11D3-BF4B-00C04F79EFBC}") = "Assembly-CSharp", "Assembly-CSharp.csproj", "{E55D9D50-A916-1F79-A3E8-C84AD06BC5FB}"
EndProject
Project("{FAE04EC0-301F-11D3-BF4B-00C04F79EFBC}") = "Assembly-CSharp-Editor", "Assembly-CSharp-Editor.csproj", "{3DADAED7-D0E7-6E46-7E7C-4B4FB5F2BD24}"
EndProject
Global
	GlobalSection(SolutionConfigurationPlatforms) = preSolution
		Debug|Any CPU = Debug|Any CPU
		Release|Any CPU = Release|Any CPU
	EndGlobalSection
	GlobalSection(ProjectConfigurationPlatforms) = postSolution
		{E55D9D50-A916-1F79-A3E8-C84AD06BC5FB}.Debug|Any CPU.ActiveCfg = Debug|Any CPU
		{E55D9D50-A916-1F79-A3E8-C84AD06BC5FB}.Debug|Any CPU.Build.0 = Debug|Any CPU
		{E55D9D50-A916-1F79-A3E8-C84AD06BC5FB}.Release|Any CPU.ActiveCfg = Release|Any CPU
		{E55D9D50-A916-1F79-A3E8-C84AD06BC5FB}.Release|Any CPU.Build.0 = Release|Any CPU
		{3DADAED7-D0E7-6E46-7E7C-4B4FB5F2BD24}.Debug|Any CPU.ActiveCfg = Debug|Any CPU
		{3DADAED7-D0E7-6E46-7E7C-4B4FB5F2BD24}.Debug|Any CPU.Build.0 = Debug|Any CPU
		{3DADAED7-D0E7-6E46-7E7C-4B4FB5F2BD24}.Release|Any CPU.ActiveCfg = Release|Any CPU
		{3DADAED7-D0E7-6E46-7E7C-4B4FB5F2BD24}.Release|Any CPU.Build.0 = Release|Any CPU
	EndGlobalSection
	GlobalSection(SolutionProperties) = preSolution
		HideSolutionNode = FALSE
	EndGlobalSection
	GlobalSection(ExtensibilityGlobals) = postSolution
		SolutionGuid = {9F32517E-26F8-4C30-AF05-06D997FA7612}
	EndGlobalSection
EndGlobal
